
Microsoft Visual Studio Solution File, Format Version 12.00
# Visual Studio Version 17
VisualStudioVersion = 17.9.34622.214
MinimumVisualStudioVersion = 10.0.40219.1
Project("{FAE04EC0-301F-11D3-BF4B-00C04F79EFBC}") = "WebApplication1", "WebApplication1\WebApplication1.csproj", "{5329A9CE-8C55-4DB5-B116-E6254A8963C2}"
EndProject
Global
	GlobalSection(SolutionConfigurationPlatforms) = preSolution
		Debug|Any CPU = Debug|Any CPU
		Release|Any CPU = Release|Any CPU
	EndGlobalSection
	GlobalSection(ProjectConfigurationPlatforms) = postSolution
		{5329A9CE-8C55-4DB5-B116-E6254A8963C2}.Debug|Any CPU.ActiveCfg = Debug|Any CPU
		{5329A9CE-8C55-4DB5-B116-E6254A8963C2}.Debug|Any CPU.Build.0 = Debug|Any CPU
		{5329A9CE-8C55-4DB5-B116-E6254A8963C2}.Release|Any CPU.ActiveCfg = Release|Any CPU
		{5329A9CE-8C55-4DB5-B116-E6254A8963C2}.Release|Any CPU.Build.0 = Release|Any CPU
	EndGlobalSection
	GlobalSection(SolutionProperties) = preSolution
		HideSolutionNode = FALSE
	EndGlobalSection
	GlobalSection(ExtensibilityGlobals) = postSolution
		SolutionGuid = {C258D1F1-2144-4E46-ABB1-A6EF647BB72A}
	EndGlobalSection
EndGlobal
